
Microsoft Visual Studio Solution File, Format Version 12.00
# Visual Studio Version 17
VisualStudioVersion = 17.4.33110.190
MinimumVisualStudioVersion = 10.0.40219.1
Project("{888888A0-9F3D-457C-B088-3A5042F75D52}") = "Pdd_codeDrone", "Pdd_codeDrone\Pdd_codeDrone.pyproj", "{C51870A9-576B-4ABD-B496-AD82C1ED4A11}"
EndProject
Global
	GlobalSection(SolutionConfigurationPlatforms) = preSolution
		Debug|Any CPU = Debug|Any CPU
		Release|Any CPU = Release|Any CPU
	EndGlobalSection
	GlobalSection(ProjectConfigurationPlatforms) = postSolution
		{C51870A9-576B-4ABD-B496-AD82C1ED4A11}.Debug|Any CPU.ActiveCfg = Debug|Any CPU
		{C51870A9-576B-4ABD-B496-AD82C1ED4A11}.Release|Any CPU.ActiveCfg = Release|Any CPU
	EndGlobalSection
	GlobalSection(SolutionProperties) = preSolution
		HideSolutionNode = FALSE
	EndGlobalSection
	GlobalSection(ExtensibilityGlobals) = postSolution
		SolutionGuid = {786E5B54-A69F-4C48-AE18-F0B75A06255A}
	EndGlobalSection
EndGlobal
